
Microsoft Visual Studio Solution File, Format Version 12.00
# Visual Studio Version 16
VisualStudioVersion = 16.0.30413.136
MinimumVisualStudioVersion = 10.0.40219.1
Project("{9A19103F-16F7-4668-BE54-9A1E7A4F7556}") = "MongoDBDemoApp", "App\MongoDBDemoApp.csproj", "{E1873257-80D2-407B-9087-2B15E9A7C048}"
EndProject
Project("{9A19103F-16F7-4668-BE54-9A1E7A4F7556}") = "MongoDBDemoApp.Test", "Test\MongoDBDemoApp.Test.csproj", "{E410CDB5-538D-45BE-AB59-201E59B6EDC6}"
EndProject
Global
	GlobalSection(SolutionConfigurationPlatforms) = preSolution
		Debug|Any CPU = Debug|Any CPU
		Release|Any CPU = Release|Any CPU
	EndGlobalSection
	GlobalSection(ProjectConfigurationPlatforms) = postSolution
		{E1873257-80D2-407B-9087-2B15E9A7C048}.Debug|Any CPU.ActiveCfg = Debug|Any CPU
		{E1873257-80D2-407B-9087-2B15E9A7C048}.Debug|Any CPU.Build.0 = Debug|Any CPU
		{E1873257-80D2-407B-9087-2B15E9A7C048}.Release|Any CPU.ActiveCfg = Release|Any CPU
		{E1873257-80D2-407B-9087-2B15E9A7C048}.Release|Any CPU.Build.0 = Release|Any CPU
		{E410CDB5-538D-45BE-AB59-201E59B6EDC6}.Debug|Any CPU.ActiveCfg = Debug|Any CPU
		{E410CDB5-538D-45BE-AB59-201E59B6EDC6}.Debug|Any CPU.Build.0 = Debug|Any CPU
		{E410CDB5-538D-45BE-AB59-201E59B6EDC6}.Release|Any CPU.ActiveCfg = Release|Any CPU
		{E410CDB5-538D-45BE-AB59-201E59B6EDC6}.Release|Any CPU.Build.0 = Release|Any CPU
	EndGlobalSection
	GlobalSection(SolutionProperties) = preSolution
		HideSolutionNode = FALSE
	EndGlobalSection
	GlobalSection(ExtensibilityGlobals) = postSolution
		SolutionGuid = {E12C8D80-9137-4571-89AB-9DF240419C76}
	EndGlobalSection
EndGlobal
